// !$*UTF8*$!
{
	archiveVersion = 1;
	classes = {
	};
	objectVersion = 50;
	objects = {

/* Begin PBXBuildFile section */
		F236D35723754C47009EDECE /* QJButton.swift in Sources */ = {isa = PBXBuildFile; fileRef = F236D35423754C46009EDECE /* QJButton.swift */; };
		F236D35823754C47009EDECE /* QJTabBar.swift in Sources */ = {isa = PBXBuildFile; fileRef = F236D35523754C46009EDECE /* QJTabBar.swift */; };
		F239C97A2373C11700AE01BC /* AppDelegate.swift in Sources */ = {isa = PBXBuildFile; fileRef = F239C9792373C11700AE01BC /* AppDelegate.swift */; };
		F239C9842373C11700AE01BC /* QJWeiBo.xcdatamodeld in Sources */ = {isa = PBXBuildFile; fileRef = F239C9822373C11700AE01BC /* QJWeiBo.xcdatamodeld */; };
		F239C9862373C11800AE01BC /* Assets.xcassets in Resources */ = {isa = PBXBuildFile; fileRef = F239C9852373C11800AE01BC /* Assets.xcassets */; };
		F239C9892373C11800AE01BC /* LaunchScreen.storyboard in Resources */ = {isa = PBXBuildFile; fileRef = F239C9872373C11800AE01BC /* LaunchScreen.storyboard */; };
		F239C9942373C11900AE01BC /* QJWeiBoTests.swift in Sources */ = {isa = PBXBuildFile; fileRef = F239C9932373C11900AE01BC /* QJWeiBoTests.swift */; };
		F239C99F2373C11900AE01BC /* QJWeiBoUITests.swift in Sources */ = {isa = PBXBuildFile; fileRef = F239C99E2373C11900AE01BC /* QJWeiBoUITests.swift */; };
		F239C9B52373D1BB00AE01BC /* QJTabBarViewController.swift in Sources */ = {isa = PBXBuildFile; fileRef = F239C9B42373D1BB00AE01BC /* QJTabBarViewController.swift */; };
		F239C9B72373D1E800AE01BC /* QJHomeViewController.swift in Sources */ = {isa = PBXBuildFile; fileRef = F239C9B62373D1E800AE01BC /* QJHomeViewController.swift */; };
		F239C9B92373D20100AE01BC /* QJMessageViewController.swift in Sources */ = {isa = PBXBuildFile; fileRef = F239C9B82373D20100AE01BC /* QJMessageViewController.swift */; };
		F239C9BB2373D21000AE01BC /* QJDiscoverViewController.swift in Sources */ = {isa = PBXBuildFile; fileRef = F239C9BA2373D21000AE01BC /* QJDiscoverViewController.swift */; };
		F239C9BD2373D21F00AE01BC /* QJProfileViewController.swift in Sources */ = {isa = PBXBuildFile; fileRef = F239C9BC2373D21F00AE01BC /* QJProfileViewController.swift */; };
		F239C9BF2373D27B00AE01BC /* QJNavigationViewController.swift in Sources */ = {isa = PBXBuildFile; fileRef = F239C9BE2373D27B00AE01BC /* QJNavigationViewController.swift */; };
		F239C9C12373D6D500AE01BC /* QJBaseViewController.swift in Sources */ = {isa = PBXBuildFile; fileRef = F239C9C02373D6D500AE01BC /* QJBaseViewController.swift */; };
		F239C9CA2373F6D100AE01BC /* QJFrame.swift in Sources */ = {isa = PBXBuildFile; fileRef = F239C9C92373F6D100AE01BC /* QJFrame.swift */; };
		F239C9CD23745F1200AE01BC /* QJPublic.swift in Sources */ = {isa = PBXBuildFile; fileRef = F239C9CC23745F1200AE01BC /* QJPublic.swift */; };
/* End PBXBuildFile section */

/* Begin PBXContainerItemProxy section */
		F239C9902373C11900AE01BC /* PBXContainerItemProxy */ = {
			isa = PBXContainerItemProxy;
			containerPortal = F239C96E2373C11700AE01BC /* Project object */;
			proxyType = 1;
			remoteGlobalIDString = F239C9752373C11700AE01BC;
			remoteInfo = QJWeiBo;
		};
		F239C99B2373C11900AE01BC /* PBXContainerItemProxy */ = {
			isa = PBXContainerItemProxy;
			containerPortal = F239C96E2373C11700AE01BC /* Project object */;
			proxyType = 1;
			remoteGlobalIDString = F239C9752373C11700AE01BC;
			remoteInfo = QJWeiBo;
		};
/* End PBXContainerItemProxy section */

/* Begin PBXFileReference section */
		F236D35423754C46009EDECE /* QJButton.swift */ = {isa = PBXFileReference; fileEncoding = 4; lastKnownFileType = sourcecode.swift; path = QJButton.swift; sourceTree = "<group>"; };
		F236D35523754C46009EDECE /* QJTabBar.swift */ = {isa = PBXFileReference; fileEncoding = 4; lastKnownFileType = sourcecode.swift; path = QJTabBar.swift; sourceTree = "<group>"; };
		F239C9762373C11700AE01BC /* QJWeiBo.app */ = {isa = PBXFileReference; explicitFileType = wrapper.application; includeInIndex = 0; path = QJWeiBo.app; sourceTree = BUILT_PRODUCTS_DIR; };
		F239C9792373C11700AE01BC /* AppDelegate.swift */ = {isa = PBXFileReference; lastKnownFileType = sourcecode.swift; path = AppDelegate.swift; sourceTree = "<group>"; };
		F239C9832373C11700AE01BC /* QJWeiBo.xcdatamodel */ = {isa = PBXFileReference; lastKnownFileType = wrapper.xcdatamodel; path = QJWeiBo.xcdatamodel; sourceTree = "<group>"; };
		F239C9852373C11800AE01BC /* Assets.xcassets */ = {isa = PBXFileReference; lastKnownFileType = folder.assetcatalog; path = Assets.xcassets; sourceTree = "<group>"; };
		F239C9882373C11800AE01BC /* Base */ = {isa = PBXFileReference; lastKnownFileType = file.storyboard; name = Base; path = Base.lproj/LaunchScreen.storyboard; sourceTree = "<group>"; };
		F239C98A2373C11800AE01BC /* Info.plist */ = {isa = PBXFileReference; lastKnownFileType = text.plist.xml; path = Info.plist; sourceTree = "<group>"; };
		F239C98F2373C11900AE01BC /* QJWeiBoTests.xctest */ = {isa = PBXFileReference; explicitFileType = wrapper.cfbundle; includeInIndex = 0; path = QJWeiBoTests.xctest; sourceTree = BUILT_PRODUCTS_DIR; };
		F239C9932373C11900AE01BC /* QJWeiBoTests.swift */ = {isa = PBXFileReference; lastKnownFileType = sourcecode.swift; path = QJWeiBoTests.swift; sourceTree = "<group>"; };
		F239C9952373C11900AE01BC /* Info.plist */ = {isa = PBXFileReference; lastKnownFileType = text.plist.xml; path = Info.plist; sourceTree = "<group>"; };
		F239C99A2373C11900AE01BC /* QJWeiBoUITests.xctest */ = {isa = PBXFileReference; explicitFileType = wrapper.cfbundle; includeInIndex = 0; path = QJWeiBoUITests.xctest; sourceTree = BUILT_PRODUCTS_DIR; };
		F239C99E2373C11900AE01BC /* QJWeiBoUITests.swift */ = {isa = PBXFileReference; lastKnownFileType = sourcecode.swift; path = QJWeiBoUITests.swift; sourceTree = "<group>"; };
		F239C9A02373C11900AE01BC /* Info.plist */ = {isa = PBXFileReference; lastKnownFileType = text.plist.xml; path = Info.plist; sourceTree = "<group>"; };
		F239C9B42373D1BB00AE01BC /* QJTabBarViewController.swift */ = {isa = PBXFileReference; lastKnownFileType = sourcecode.swift; path = QJTabBarViewController.swift; sourceTree = "<group>"; };
		F239C9B62373D1E800AE01BC /* QJHomeViewController.swift */ = {isa = PBXFileReference; lastKnownFileType = sourcecode.swift; path = QJHomeViewController.swift; sourceTree = "<group>"; };
		F239C9B82373D20100AE01BC /* QJMessageViewController.swift */ = {isa = PBXFileReference; lastKnownFileType = sourcecode.swift; path = QJMessageViewController.swift; sourceTree = "<group>"; };
		F239C9BA2373D21000AE01BC /* QJDiscoverViewController.swift */ = {isa = PBXFileReference; lastKnownFileType = sourcecode.swift; path = QJDiscoverViewController.swift; sourceTree = "<group>"; };
		F239C9BC2373D21F00AE01BC /* QJProfileViewController.swift */ = {isa = PBXFileReference; lastKnownFileType = sourcecode.swift; path = QJProfileViewController.swift; sourceTree = "<group>"; };
		F239C9BE2373D27B00AE01BC /* QJNavigationViewController.swift */ = {isa = PBXFileReference; lastKnownFileType = sourcecode.swift; path = QJNavigationViewController.swift; sourceTree = "<group>"; };
		F239C9C02373D6D500AE01BC /* QJBaseViewController.swift */ = {isa = PBXFileReference; lastKnownFileType = sourcecode.swift; path = QJBaseViewController.swift; sourceTree = "<group>"; };
		F239C9C92373F6D100AE01BC /* QJFrame.swift */ = {isa = PBXFileReference; lastKnownFileType = sourcecode.swift; path = QJFrame.swift; sourceTree = "<group>"; };
		F239C9CC23745F1200AE01BC /* QJPublic.swift */ = {isa = PBXFileReference; lastKnownFileType = sourcecode.swift; path = QJPublic.swift; sourceTree = "<group>"; };
/* End PBXFileReference section */

/* Begin PBXFrameworksBuildPhase section */
		F239C9732373C11700AE01BC /* Frameworks */ = {
			isa = PBXFrameworksBuildPhase;
			buildActionMask = 2147483647;
			files = (
			);
			runOnlyForDeploymentPostprocessing = 0;
		};
		F239C98C2373C11900AE01BC /* Frameworks */ = {
			isa = PBXFrameworksBuildPhase;
			buildActionMask = 2147483647;
			files = (
			);
			runOnlyForDeploymentPostprocessing = 0;
		};
		F239C9972373C11900AE01BC /* Frameworks */ = {
			isa = PBXFrameworksBuildPhase;
			buildActionMask = 2147483647;
			files = (
			);
			runOnlyForDeploymentPostprocessing = 0;
		};
/* End PBXFrameworksBuildPhase section */

/* Begin PBXGroup section */
		F236D35323754C46009EDECE /* TabBarView */ = {
			isa = PBXGroup;
			children = (
				F236D35423754C46009EDECE /* QJButton.swift */,
				F236D35523754C46009EDECE /* QJTabBar.swift */,
			);
			path = TabBarView;
			sourceTree = "<group>";
		};
		F236D35623754C47009EDECE /* Visitor */ = {
			isa = PBXGroup;
			children = (
			);
			path = Visitor;
			sourceTree = "<group>";
		};
		F239C96D2373C11700AE01BC = {
			isa = PBXGroup;
			children = (
				F239C9782373C11700AE01BC /* QJWeiBo */,
				F239C9922373C11900AE01BC /* QJWeiBoTests */,
				F239C99D2373C11900AE01BC /* QJWeiBoUITests */,
				F239C9772373C11700AE01BC /* Products */,
			);
			sourceTree = "<group>";
		};
		F239C9772373C11700AE01BC /* Products */ = {
			isa = PBXGroup;
			children = (
				F239C9762373C11700AE01BC /* QJWeiBo.app */,
				F239C98F2373C11900AE01BC /* QJWeiBoTests.xctest */,
				F239C99A2373C11900AE01BC /* QJWeiBoUITests.xctest */,
			);
			name = Products;
			sourceTree = "<group>";
		};
		F239C9782373C11700AE01BC /* QJWeiBo */ = {
			isa = PBXGroup;
			children = (
				F239C9AC2373CFB900AE01BC /* Classes */,
				F239C9792373C11700AE01BC /* AppDelegate.swift */,
				F239C9852373C11800AE01BC /* Assets.xcassets */,
				F239C9872373C11800AE01BC /* LaunchScreen.storyboard */,
				F239C98A2373C11800AE01BC /* Info.plist */,
				F239C9822373C11700AE01BC /* QJWeiBo.xcdatamodeld */,
			);
			path = QJWeiBo;
			sourceTree = "<group>";
		};
		F239C9922373C11900AE01BC /* QJWeiBoTests */ = {
			isa = PBXGroup;
			children = (
				F239C9932373C11900AE01BC /* QJWeiBoTests.swift */,
				F239C9952373C11900AE01BC /* Info.plist */,
			);
			path = QJWeiBoTests;
			sourceTree = "<group>";
		};
		F239C99D2373C11900AE01BC /* QJWeiBoUITests */ = {
			isa = PBXGroup;
			children = (
				F239C99E2373C11900AE01BC /* QJWeiBoUITests.swift */,
				F239C9A02373C11900AE01BC /* Info.plist */,
			);
			path = QJWeiBoUITests;
			sourceTree = "<group>";
		};
		F239C9AC2373CFB900AE01BC /* Classes */ = {
			isa = PBXGroup;
			children = (
				F239C9C72373F63900AE01BC /* Other */,
				F239C9B12373CFB900AE01BC /* Main(主要) */,
				F239C9AD2373CFB900AE01BC /* Home(首页) */,
				F239C9AE2373CFB900AE01BC /* Message(消息) */,
				F239C9B02373CFB900AE01BC /* Discover(发现) */,
				F239C9AF2373CFB900AE01BC /* Profile(我) */,
			);
			path = Classes;
			sourceTree = "<group>";
		};
		F239C9AD2373CFB900AE01BC /* Home(首页) */ = {
			isa = PBXGroup;
			children = (
				F239C9B62373D1E800AE01BC /* QJHomeViewController.swift */,
			);
			path = "Home(首页)";
			sourceTree = "<group>";
		};
		F239C9AE2373CFB900AE01BC /* Message(消息) */ = {
			isa = PBXGroup;
			children = (
				F239C9B82373D20100AE01BC /* QJMessageViewController.swift */,
			);
			path = "Message(消息)";
			sourceTree = "<group>";
		};
		F239C9AF2373CFB900AE01BC /* Profile(我) */ = {
			isa = PBXGroup;
			children = (
				F239C9BC2373D21F00AE01BC /* QJProfileViewController.swift */,
			);
			path = "Profile(我)";
			sourceTree = "<group>";
		};
		F239C9B02373CFB900AE01BC /* Discover(发现) */ = {
			isa = PBXGroup;
			children = (
				F239C9BA2373D21000AE01BC /* QJDiscoverViewController.swift */,
			);
			path = "Discover(发现)";
			sourceTree = "<group>";
		};
		F239C9B12373CFB900AE01BC /* Main(主要) */ = {
			isa = PBXGroup;
			children = (
				F239C9B42373D1BB00AE01BC /* QJTabBarViewController.swift */,
				F239C9BE2373D27B00AE01BC /* QJNavigationViewController.swift */,
				F239C9C02373D6D500AE01BC /* QJBaseViewController.swift */,
				F236D35323754C46009EDECE /* TabBarView */,
				F236D35623754C47009EDECE /* Visitor */,
			);
			path = "Main(主要)";
			sourceTree = "<group>";
		};
		F239C9C72373F63900AE01BC /* Other */ = {
			isa = PBXGroup;
			children = (
				F239C9CB23745EE800AE01BC /* Public */,
				F239C9C82373F63900AE01BC /* Category */,
			);
			path = Other;
			sourceTree = "<group>";
		};
		F239C9C82373F63900AE01BC /* Category */ = {
			isa = PBXGroup;
			children = (
				F239C9C92373F6D100AE01BC /* QJFrame.swift */,
			);
			path = Category;
			sourceTree = "<group>";
		};
		F239C9CB23745EE800AE01BC /* Public */ = {
			isa = PBXGroup;
			children = (
				F239C9CC23745F1200AE01BC /* QJPublic.swift */,
			);
			path = Public;
			sourceTree = "<group>";
		};
/* End PBXGroup section */

/* Begin PBXNativeTarget section */
		F239C9752373C11700AE01BC /* QJWeiBo */ = {
			isa = PBXNativeTarget;
			buildConfigurationList = F239C9A32373C11900AE01BC /* Build configuration list for PBXNativeTarget "QJWeiBo" */;
			buildPhases = (
				F239C9722373C11700AE01BC /* Sources */,
				F239C9732373C11700AE01BC /* Frameworks */,
				F239C9742373C11700AE01BC /* Resources */,
			);
			buildRules = (
			);
			dependencies = (
			);
			name = QJWeiBo;
			productName = QJWeiBo;
			productReference = F239C9762373C11700AE01BC /* QJWeiBo.app */;
			productType = "com.apple.product-type.application";
		};
		F239C98E2373C11900AE01BC /* QJWeiBoTests */ = {
			isa = PBXNativeTarget;
			buildConfigurationList = F239C9A62373C11900AE01BC /* Build configuration list for PBXNativeTarget "QJWeiBoTests" */;
			buildPhases = (
				F239C98B2373C11900AE01BC /* Sources */,
				F239C98C2373C11900AE01BC /* Frameworks */,
				F239C98D2373C11900AE01BC /* Resources */,
			);
			buildRules = (
			);
			dependencies = (
				F239C9912373C11900AE01BC /* PBXTargetDependency */,
			);
			name = QJWeiBoTests;
			productName = QJWeiBoTests;
			productReference = F239C98F2373C11900AE01BC /* QJWeiBoTests.xctest */;
			productType = "com.apple.product-type.bundle.unit-test";
		};
		F239C9992373C11900AE01BC /* QJWeiBoUITests */ = {
			isa = PBXNativeTarget;
			buildConfigurationList = F239C9A92373C11900AE01BC /* Build configuration list for PBXNativeTarget "QJWeiBoUITests" */;
			buildPhases = (
				F239C9962373C11900AE01BC /* Sources */,
				F239C9972373C11900AE01BC /* Frameworks */,
				F239C9982373C11900AE01BC /* Resources */,
			);
			buildRules = (
			);
			dependencies = (
				F239C99C2373C11900AE01BC /* PBXTargetDependency */,
			);
			name = QJWeiBoUITests;
			productName = QJWeiBoUITests;
			productReference = F239C99A2373C11900AE01BC /* QJWeiBoUITests.xctest */;
			productType = "com.apple.product-type.bundle.ui-testing";
		};
/* End PBXNativeTarget section */

/* Begin PBXProject section */
		F239C96E2373C11700AE01BC /* Project object */ = {
			isa = PBXProject;
			attributes = {
				LastSwiftUpdateCheck = 1110;
				LastUpgradeCheck = 1110;
				ORGANIZATIONNAME = yiniu;
				TargetAttributes = {
					F239C9752373C11700AE01BC = {
						CreatedOnToolsVersion = 11.1;
					};
					F239C98E2373C11900AE01BC = {
						CreatedOnToolsVersion = 11.1;
						TestTargetID = F239C9752373C11700AE01BC;
					};
					F239C9992373C11900AE01BC = {
						CreatedOnToolsVersion = 11.1;
						TestTargetID = F239C9752373C11700AE01BC;
					};
				};
			};
			buildConfigurationList = F239C9712373C11700AE01BC /* Build configuration list for PBXProject "QJWeiBo" */;
			compatibilityVersion = "Xcode 9.3";
			developmentRegion = en;
			hasScannedForEncodings = 0;
			knownRegions = (
				en,
				Base,
			);
			mainGroup = F239C96D2373C11700AE01BC;
			productRefGroup = F239C9772373C11700AE01BC /* Products */;
			projectDirPath = "";
			projectRoot = "";
			targets = (
				F239C9752373C11700AE01BC /* QJWeiBo */,
				F239C98E2373C11900AE01BC /* QJWeiBoTests */,
				F239C9992373C11900AE01BC /* QJWeiBoUITests */,
			);
		};
/* End PBXProject section */

/* Begin PBXResourcesBuildPhase section */
		F239C9742373C11700AE01BC /* Resources */ = {
			isa = PBXResourcesBuildPhase;
			buildActionMask = 2147483647;
			files = (
				F239C9892373C11800AE01BC /* LaunchScreen.storyboard in Resources */,
				F239C9862373C11800AE01BC /* Assets.xcassets in Resources */,
			);
			runOnlyForDeploymentPostprocessing = 0;
		};
		F239C98D2373C11900AE01BC /* Resources */ = {
			isa = PBXResourcesBuildPhase;
			buildActionMask = 2147483647;
			files = (
			);
			runOnlyForDeploymentPostprocessing = 0;
		};
		F239C9982373C11900AE01BC /* Resources */ = {
			isa = PBXResourcesBuildPhase;
			buildActionMask = 2147483647;
			files = (
			);
			runOnlyForDeploymentPostprocessing = 0;
		};
/* End PBXResourcesBuildPhase section */

/* Begin PBXSourcesBuildPhase section */
		F239C9722373C11700AE01BC /* Sources */ = {
			isa = PBXSourcesBuildPhase;
			buildActionMask = 2147483647;
			files = (
				F239C9BB2373D21000AE01BC /* QJDiscoverViewController.swift in Sources */,
				F239C9BD2373D21F00AE01BC /* QJProfileViewController.swift in Sources */,
				F239C9C12373D6D500AE01BC /* QJBaseViewController.swift in Sources */,
				F239C9BF2373D27B00AE01BC /* QJNavigationViewController.swift in Sources */,
				F236D35723754C47009EDECE /* QJButton.swift in Sources */,
				F239C9CD23745F1200AE01BC /* QJPublic.swift in Sources */,
				F239C9B72373D1E800AE01BC /* QJHomeViewController.swift in Sources */,
				F239C9CA2373F6D100AE01BC /* QJFrame.swift in Sources */,
				F239C9842373C11700AE01BC /* QJWeiBo.xcdatamodeld in Sources */,
				F239C9B52373D1BB00AE01BC /* QJTabBarViewController.swift in Sources */,
				F236D35823754C47009EDECE /* QJTabBar.swift in Sources */,
				F239C9B92373D20100AE01BC /* QJMessageViewController.swift in Sources */,
				F239C97A2373C11700AE01BC /* AppDelegate.swift in Sources */,
			);
			runOnlyForDeploymentPostprocessing = 0;
		};
		F239C98B2373C11900AE01BC /* Sources */ = {
			isa = PBXSourcesBuildPhase;
			buildActionMask = 2147483647;
			files = (
				F239C9942373C11900AE01BC /* QJWeiBoTests.swift in Sources */,
			);
			runOnlyForDeploymentPostprocessing = 0;
		};
		F239C9962373C11900AE01BC /* Sources */ = {
			isa = PBXSourcesBuildPhase;
			buildActionMask = 2147483647;
			files = (
				F239C99F2373C11900AE01BC /* QJWeiBoUITests.swift in Sources */,
			);
			runOnlyForDeploymentPostprocessing = 0;
		};
/* End PBXSourcesBuildPhase section */

/* Begin PBXTargetDependency section */
		F239C9912373C11900AE01BC /* PBXTargetDependency */ = {
			isa = PBXTargetDependency;
			target = F239C9752373C11700AE01BC /* QJWeiBo */;
			targetProxy = F239C9902373C11900AE01BC /* PBXContainerItemProxy */;
		};
		F239C99C2373C11900AE01BC /* PBXTargetDependency */ = {
			isa = PBXTargetDependency;
			target = F239C9752373C11700AE01BC /* QJWeiBo */;
			targetProxy = F239C99B2373C11900AE01BC /* PBXContainerItemProxy */;
		};
/* End PBXTargetDependency section */

/* Begin PBXVariantGroup section */
		F239C9872373C11800AE01BC /* LaunchScreen.storyboard */ = {
			isa = PBXVariantGroup;
			children = (
				F239C9882373C11800AE01BC /* Base */,
			);
			name = LaunchScreen.storyboard;
			sourceTree = "<group>";
		};
/* End PBXVariantGroup section */

/* Begin XCBuildConfiguration section */
		F239C9A12373C11900AE01BC /* Debug */ = {
			isa = XCBuildConfiguration;
			buildSettings = {
				ALWAYS_SEARCH_USER_PATHS = NO;
				CLANG_ANALYZER_NONNULL = YES;
				CLANG_ANALYZER_NUMBER_OBJECT_CONVERSION = YES_AGGRESSIVE;
				CLANG_CXX_LANGUAGE_STANDARD = "gnu++14";
				CLANG_CXX_LIBRARY = "libc++";
				CLANG_ENABLE_MODULES = YES;
				CLANG_ENABLE_OBJC_ARC = YES;
				CLANG_ENABLE_OBJC_WEAK = YES;
				CLANG_WARN_BLOCK_CAPTURE_AUTORELEASING = YES;
				CLANG_WARN_BOOL_CONVERSION = YES;
				CLANG_WARN_COMMA = YES;
				CLANG_WARN_CONSTANT_CONVERSION = YES;
				CLANG_WARN_DEPRECATED_OBJC_IMPLEMENTATIONS = YES;
				CLANG_WARN_DIRECT_OBJC_ISA_USAGE = YES_ERROR;
				CLANG_WARN_DOCUMENTATION_COMMENTS = YES;
				CLANG_WARN_EMPTY_BODY = YES;
				CLANG_WARN_ENUM_CONVERSION = YES;
				CLANG_WARN_INFINITE_RECURSION = YES;
				CLANG_WARN_INT_CONVERSION = YES;
				CLANG_WARN_NON_LITERAL_NULL_CONVERSION = YES;
				CLANG_WARN_OBJC_IMPLICIT_RETAIN_SELF = YES;
				CLANG_WARN_OBJC_LITERAL_CONVERSION = YES;
				CLANG_WARN_OBJC_ROOT_CLASS = YES_ERROR;
				CLANG_WARN_RANGE_LOOP_ANALYSIS = YES;
				CLANG_WARN_STRICT_PROTOTYPES = YES;
				CLANG_WARN_SUSPICIOUS_MOVE = YES;
				CLANG_WARN_UNGUARDED_AVAILABILITY = YES_AGGRESSIVE;
				CLANG_WARN_UNREACHABLE_CODE = YES;
				CLANG_WARN__DUPLICATE_METHOD_MATCH = YES;
				COPY_PHASE_STRIP = NO;
				DEBUG_INFORMATION_FORMAT = dwarf;
				ENABLE_STRICT_OBJC_MSGSEND = YES;
				ENABLE_TESTABILITY = YES;
				GCC_C_LANGUAGE_STANDARD = gnu11;
				GCC_DYNAMIC_NO_PIC = NO;
				GCC_NO_COMMON_BLOCKS = YES;
				GCC_OPTIMIZATION_LEVEL = 0;
				GCC_PREPROCESSOR_DEFINITIONS = (
					"DEBUG=1",
					"$(inherited)",
				);
				GCC_WARN_64_TO_32_BIT_CONVERSION = YES;
				GCC_WARN_ABOUT_RETURN_TYPE = YES_ERROR;
				GCC_WARN_UNDECLARED_SELECTOR = YES;
				GCC_WARN_UNINITIALIZED_AUTOS = YES_AGGRESSIVE;
				GCC_WARN_UNUSED_FUNCTION = YES;
				GCC_WARN_UNUSED_VARIABLE = YES;
				IPHONEOS_DEPLOYMENT_TARGET = 13.1;
				MTL_ENABLE_DEBUG_INFO = INCLUDE_SOURCE;
				MTL_FAST_MATH = YES;
				ONLY_ACTIVE_ARCH = YES;
				SDKROOT = iphoneos;
				SWIFT_ACTIVE_COMPILATION_CONDITIONS = DEBUG;
				SWIFT_OPTIMIZATION_LEVEL = "-Onone";
			};
			name = Debug;
		};
		F239C9A22373C11900AE01BC /* Release */ = {
			isa = XCBuildConfiguration;
			buildSettings = {
				ALWAYS_SEARCH_USER_PATHS = NO;
				CLANG_ANALYZER_NONNULL = YES;
				CLANG_ANALYZER_NUMBER_OBJECT_CONVERSION = YES_AGGRESSIVE;
				CLANG_CXX_LANGUAGE_STANDARD = "gnu++14";
				CLANG_CXX_LIBRARY = "libc++";
				CLANG_ENABLE_MODULES = YES;
				CLANG_ENABLE_OBJC_ARC = YES;
				CLANG_ENABLE_OBJC_WEAK = YES;
				CLANG_WARN_BLOCK_CAPTURE_AUTORELEASING = YES;
				CLANG_WARN_BOOL_CONVERSION = YES;
				CLANG_WARN_COMMA = YES;
				CLANG_WARN_CONSTANT_CONVERSION = YES;
				CLANG_WARN_DEPRECATED_OBJC_IMPLEMENTATIONS = YES;
				CLANG_WARN_DIRECT_OBJC_ISA_USAGE = YES_ERROR;
				CLANG_WARN_DOCUMENTATION_COMMENTS = YES;
				CLANG_WARN_EMPTY_BODY = YES;
				CLANG_WARN_ENUM_CONVERSION = YES;
				CLANG_WARN_INFINITE_RECURSION = YES;
				CLANG_WARN_INT_CONVERSION = YES;
				CLANG_WARN_NON_LITERAL_NULL_CONVERSION = YES;
				CLANG_WARN_OBJC_IMPLICIT_RETAIN_SELF = YES;
				CLANG_WARN_OBJC_LITERAL_CONVERSION = YES;
				CLANG_WARN_OBJC_ROOT_CLASS = YES_ERROR;
				CLANG_WARN_RANGE_LOOP_ANALYSIS = YES;
				CLANG_WARN_STRICT_PROTOTYPES = YES;
				CLANG_WARN_SUSPICIOUS_MOVE = YES;
				CLANG_WARN_UNGUARDED_AVAILABILITY = YES_AGGRESSIVE;
				CLANG_WARN_UNREACHABLE_CODE = YES;
				CLANG_WARN__DUPLICATE_METHOD_MATCH = YES;
				COPY_PHASE_STRIP = NO;
				DEBUG_INFORMATION_FORMAT = "dwarf-with-dsym";
				ENABLE_NS_ASSERTIONS = NO;
				ENABLE_STRICT_OBJC_MSGSEND = YES;
				GCC_C_LANGUAGE_STANDARD = gnu11;
				GCC_NO_COMMON_BLOCKS = YES;
				GCC_WARN_64_TO_32_BIT_CONVERSION = YES;
				GCC_WARN_ABOUT_RETURN_TYPE = YES_ERROR;
				GCC_WARN_UNDECLARED_SELECTOR = YES;
				GCC_WARN_UNINITIALIZED_AUTOS = YES_AGGRESSIVE;
				GCC_WARN_UNUSED_FUNCTION = YES;
				GCC_WARN_UNUSED_VARIABLE = YES;
				IPHONEOS_DEPLOYMENT_TARGET = 13.1;
				MTL_ENABLE_DEBUG_INFO = NO;
				MTL_FAST_MATH = YES;
				SDKROOT = iphoneos;
				SWIFT_COMPILATION_MODE = wholemodule;
				SWIFT_OPTIMIZATION_LEVEL = "-O";
				VALIDATE_PRODUCT = YES;
			};
			name = Release;
		};
		F239C9A42373C11900AE01BC /* Debug */ = {
			isa = XCBuildConfiguration;
			buildSettings = {
				ASSETCATALOG_COMPILER_APPICON_NAME = AppIcon;
				CODE_SIGN_STYLE = Automatic;
				DEVELOPMENT_TEAM = 46S98ZE7K8;
				INFOPLIST_FILE = QJWeiBo/Info.plist;
				IPHONEOS_DEPLOYMENT_TARGET = 13.0;
				LD_RUNPATH_SEARCH_PATHS = (
					"$(inherited)",
					"@executable_path/Frameworks",
				);
				PRODUCT_BUNDLE_IDENTIFIER = com.yiniu.app.QJWeiBo;
				PRODUCT_NAME = "$(TARGET_NAME)";
				SWIFT_VERSION = 5.0;
				TARGETED_DEVICE_FAMILY = 1;
			};
			name = Debug;
		};
		F239C9A52373C11900AE01BC /* Release */ = {
			isa = XCBuildConfiguration;
			buildSettings = {
				ASSETCATALOG_COMPILER_APPICON_NAME = AppIcon;
				CODE_SIGN_STYLE = Automatic;
				DEVELOPMENT_TEAM = 46S98ZE7K8;
				INFOPLIST_FILE = QJWeiBo/Info.plist;
				IPHONEOS_DEPLOYMENT_TARGET = 13.0;
				LD_RUNPATH_SEARCH_PATHS = (
					"$(inherited)",
					"@executable_path/Frameworks",
				);
				PRODUCT_BUNDLE_IDENTIFIER = com.yiniu.app.QJWeiBo;
				PRODUCT_NAME = "$(TARGET_NAME)";
				SWIFT_VERSION = 5.0;
				TARGETED_DEVICE_FAMILY = 1;
			};
			name = Release;
		};
		F239C9A72373C11900AE01BC /* Debug */ = {
			isa = XCBuildConfiguration;
			buildSettings = {
				ALWAYS_EMBED_SWIFT_STANDARD_LIBRARIES = YES;
				BUNDLE_LOADER = "$(TEST_HOST)";
				CODE_SIGN_STYLE = Automatic;
				DEVELOPMENT_TEAM = 46S98ZE7K8;
				INFOPLIST_FILE = QJWeiBoTests/Info.plist;
				IPHONEOS_DEPLOYMENT_TARGET = 13.1;
				LD_RUNPATH_SEARCH_PATHS = (
					"$(inherited)",
					"@executable_path/Frameworks",
					"@loader_path/Frameworks",
				);
				PRODUCT_BUNDLE_IDENTIFIER = com.yiniu.app.QJWeiBoTests;
				PRODUCT_NAME = "$(TARGET_NAME)";
				SWIFT_VERSION = 5.0;
				TARGETED_DEVICE_FAMILY = "1,2";
				TEST_HOST = "$(BUILT_PRODUCTS_DIR)/QJWeiBo.app/QJWeiBo";
			};
			name = Debug;
		};
		F239C9A82373C11900AE01BC /* Release */ = {
			isa = XCBuildConfiguration;
			buildSettings = {
				ALWAYS_EMBED_SWIFT_STANDARD_LIBRARIES = YES;
				BUNDLE_LOADER = "$(TEST_HOST)";
				CODE_SIGN_STYLE = Automatic;
				DEVELOPMENT_TEAM = 46S98ZE7K8;
				INFOPLIST_FILE = QJWeiBoTests/Info.plist;
				IPHONEOS_DEPLOYMENT_TARGET = 13.1;
				LD_RUNPATH_SEARCH_PATHS = (
					"$(inherited)",
					"@executable_path/Frameworks",
					"@loader_path/Frameworks",
				);
				PRODUCT_BUNDLE_IDENTIFIER = com.yiniu.app.QJWeiBoTests;
				PRODUCT_NAME = "$(TARGET_NAME)";
				SWIFT_VERSION = 5.0;
				TARGETED_DEVICE_FAMILY = "1,2";
				TEST_HOST = "$(BUILT_PRODUCTS_DIR)/QJWeiBo.app/QJWeiBo";
			};
			name = Release;
		};
		F239C9AA2373C11900AE01BC /* Debug */ = {
			isa = XCBuildConfiguration;
			buildSettings = {
				ALWAYS_EMBED_SWIFT_STANDARD_LIBRARIES = YES;
				CODE_SIGN_STYLE = Automatic;
				DEVELOPMENT_TEAM = 46S98ZE7K8;
				INFOPLIST_FILE = QJWeiBoUITests/Info.plist;
				LD_RUNPATH_SEARCH_PATHS = (
					"$(inherited)",
					"@executable_path/Frameworks",
					"@loader_path/Frameworks",
				);
				PRODUCT_BUNDLE_IDENTIFIER = com.yiniu.app.QJWeiBoUITests;
				PRODUCT_NAME = "$(TARGET_NAME)";
				SWIFT_VERSION = 5.0;
				TARGETED_DEVICE_FAMILY = "1,2";
				TEST_TARGET_NAME = QJWeiBo;
			};
			name = Debug;
		};
		F239C9AB2373C11900AE01BC /* Release */ = {
			isa = XCBuildConfiguration;
			buildSettings = {
				ALWAYS_EMBED_SWIFT_STANDARD_LIBRARIES = YES;
				CODE_SIGN_STYLE = Automatic;
				DEVELOPMENT_TEAM = 46S98ZE7K8;
				INFOPLIST_FILE = QJWeiBoUITests/Info.plist;
				LD_RUNPATH_SEARCH_PATHS = (
					"$(inherited)",
					"@executable_path/Frameworks",
					"@loader_path/Frameworks",
				);
				PRODUCT_BUNDLE_IDENTIFIER = com.yiniu.app.QJWeiBoUITests;
				PRODUCT_NAME = "$(TARGET_NAME)";
				SWIFT_VERSION = 5.0;
				TARGETED_DEVICE_FAMILY = "1,2";
				TEST_TARGET_NAME = QJWeiBo;
			};
			name = Release;
		};
/* End XCBuildConfiguration section */

/* Begin XCConfigurationList section */
		F239C9712373C11700AE01BC /* Build configuration list for PBXProject "QJWeiBo" */ = {
			isa = XCConfigurationList;
			buildConfigurations = (
				F239C9A12373C11900AE01BC /* Debug */,
				F239C9A22373C11900AE01BC /* Release */,
			);
			defaultConfigurationIsVisible = 0;
			defaultConfigurationName = Release;
		};
		F239C9A32373C11900AE01BC /* Build configuration list for PBXNativeTarget "QJWeiBo" */ = {
			isa = XCConfigurationList;
			buildConfigurations = (
				F239C9A42373C11900AE01BC /* Debug */,
				F239C9A52373C11900AE01BC /* Release */,
			);
			defaultConfigurationIsVisible = 0;
			defaultConfigurationName = Release;
		};
		F239C9A62373C11900AE01BC /* Build configuration list for PBXNativeTarget "QJWeiBoTests" */ = {
			isa = XCConfigurationList;
			buildConfigurations = (
				F239C9A72373C11900AE01BC /* Debug */,
				F239C9A82373C11900AE01BC /* Release */,
			);
			defaultConfigurationIsVisible = 0;
			defaultConfigurationName = Release;
		};
		F239C9A92373C11900AE01BC /* Build configuration list for PBXNativeTarget "QJWeiBoUITests" */ = {
			isa = XCConfigurationList;
			buildConfigurations = (
				F239C9AA2373C11900AE01BC /* Debug */,
				F239C9AB2373C11900AE01BC /* Release */,
			);
			defaultConfigurationIsVisible = 0;
			defaultConfigurationName = Release;
		};
/* End XCConfigurationList section */

/* Begin XCVersionGroup section */
		F239C9822373C11700AE01BC /* QJWeiBo.xcdatamodeld */ = {
			isa = XCVersionGroup;
			children = (
				F239C9832373C11700AE01BC /* QJWeiBo.xcdatamodel */,
			);
			currentVersion = F239C9832373C11700AE01BC /* QJWeiBo.xcdatamodel */;
			path = QJWeiBo.xcdatamodeld;
			sourceTree = "<group>";
			versionGroupType = wrapper.xcdatamodel;
		};
/* End XCVersionGroup section */
	};
	rootObject = F239C96E2373C11700AE01BC /* Project object */;
}
